
Microsoft Visual Studio Solution File, Format Version 12.00
# Visual Studio Version 16
VisualStudioVersion = 16.0.29806.167
MinimumVisualStudioVersion = 10.0.40219.1
Project("{FAE04EC0-301F-11D3-BF4B-00C04F79EFBC}") = "Nomina", "Nomina.csproj", "{FB3EDEFD-40C3-430F-A763-CD85B6ACF1CF}"
EndProject
Global
	GlobalSection(SolutionConfigurationPlatforms) = preSolution
		Debug|Any CPU = Debug|Any CPU
		Release|Any CPU = Release|Any CPU
	EndGlobalSection
	GlobalSection(ProjectConfigurationPlatforms) = postSolution
		{FB3EDEFD-40C3-430F-A763-CD85B6ACF1CF}.Debug|Any CPU.ActiveCfg = Debug|Any CPU
		{FB3EDEFD-40C3-430F-A763-CD85B6ACF1CF}.Debug|Any CPU.Build.0 = Debug|Any CPU
		{FB3EDEFD-40C3-430F-A763-CD85B6ACF1CF}.Release|Any CPU.ActiveCfg = Release|Any CPU
		{FB3EDEFD-40C3-430F-A763-CD85B6ACF1CF}.Release|Any CPU.Build.0 = Release|Any CPU
	EndGlobalSection
	GlobalSection(SolutionProperties) = preSolution
		HideSolutionNode = FALSE
	EndGlobalSection
	GlobalSection(ExtensibilityGlobals) = postSolution
		SolutionGuid = {3D7D47F1-1BC9-4605-882D-EF959C69DD2D}
	EndGlobalSection
EndGlobal
